
Microsoft Visual Studio Solution File, Format Version 12.00
# Visual Studio Version 17
VisualStudioVersion = 17.10.34928.147
MinimumVisualStudioVersion = 10.0.40219.1
Project("{FAE04EC0-301F-11D3-BF4B-00C04F79EFBC}") = "open-from-file", "open-from-file\open-from-file.csproj", "{3B14A499-ED8E-433E-B90A-56FE2C857E20}"
EndProject
Global
	GlobalSection(SolutionConfigurationPlatforms) = preSolution
		Debug|Any CPU = Debug|Any CPU
		Release|Any CPU = Release|Any CPU
	EndGlobalSection
	GlobalSection(ProjectConfigurationPlatforms) = postSolution
		{3B14A499-ED8E-433E-B90A-56FE2C857E20}.Debug|Any CPU.ActiveCfg = Debug|Any CPU
		{3B14A499-ED8E-433E-B90A-56FE2C857E20}.Debug|Any CPU.Build.0 = Debug|Any CPU
		{3B14A499-ED8E-433E-B90A-56FE2C857E20}.Release|Any CPU.ActiveCfg = Release|Any CPU
		{3B14A499-ED8E-433E-B90A-56FE2C857E20}.Release|Any CPU.Build.0 = Release|Any CPU
	EndGlobalSection
	GlobalSection(SolutionProperties) = preSolution
		HideSolutionNode = FALSE
	EndGlobalSection
	GlobalSection(ExtensibilityGlobals) = postSolution
		SolutionGuid = {61129A0E-C395-4EEF-80C1-27650BC11D6A}
	EndGlobalSection
EndGlobal
